PODS:
  - AwsomeReactNative (0.1.0):
    - AwsomeReactNative/Core (= 0.1.0)
    - AwsomeReactNative/CxxBridge (= 0.1.0)
    - AwsomeReactNative/DevSupport (= 0.1.0)
    - AwsomeReactNative/RCTAnimation (= 0.1.0)
    - AwsomeReactNative/RCTImage (= 0.1.0)
    - AwsomeReactNative/RCTText (= 0.1.0)
    - AwsomeReactNative/RCTWebSocket (= 0.1.0)
    - AwsomeReactNative/yoga (= 0.1.0)
  - AwsomeReactNative/Core (0.1.0):
    - AwsomeReactNative/yoga
  - AwsomeReactNative/CxxBridge (0.1.0):
    - AwsomeReactNative/Core
    - AwsomeReactNative/cxxreact
    - Folly (= 2016.09.26.00)
  - AwsomeReactNative/cxxreact (0.1.0):
    - AwsomeReactNative/jschelpers
    - boost-for-react-native (= 1.63.0)
    - Folly (= 2016.09.26.00)
  - AwsomeReactNative/DevSupport (0.1.0):
    - AwsomeReactNative/Core
    - AwsomeReactNative/RCTWebSocket
  - AwsomeReactNative/fishhook (0.1.0)
  - AwsomeReactNative/jschelpers (0.1.0):
    - AwsomeReactNative/PrivateDatabase
    - Folly (= 2016.09.26.00)
  - AwsomeReactNative/NodeModule (0.1.0)
  - AwsomeReactNative/PrivateDatabase (0.1.0)
  - AwsomeReactNative/RCTAnimation (0.1.0):
    - AwsomeReactNative/Core
  - AwsomeReactNative/RCTBlob (0.1.0):
    - AwsomeReactNative/Core
  - AwsomeReactNative/RCTImage (0.1.0):
    - AwsomeReactNative/Core
    - AwsomeReactNative/RCTNetwork
  - AwsomeReactNative/RCTNetwork (0.1.0):
    - AwsomeReactNative/Core
  - AwsomeReactNative/RCTText (0.1.0):
    - AwsomeReactNative/Core
  - AwsomeReactNative/RCTWebSocket (0.1.0):
    - AwsomeReactNative/Core
    - AwsomeReactNative/fishhook
    - AwsomeReactNative/RCTBlob
  - AwsomeReactNative/yoga (0.1.0)
  - boost-for-react-native (1.63.0)
  - DoubleConversion (1.1.5)
  - Folly (2016.09.26.00):
    - boost-for-react-native
    - DoubleConversion
    - glog
  - glog (0.3.4)

DEPENDENCIES:
  - AwsomeReactNative
  - AwsomeReactNative/NodeModule

SPEC REPOS:
  https://github.com/CocoaPods/Specs.git:
    - AwsomeReactNative
    - boost-for-react-native
    - DoubleConversion
    - Folly
    - glog

SPEC CHECKSUMS:
  AwsomeReactNative: 0bb6e71153ac10403b270034555408a7d6b0d403
  boost-for-react-native: 39c7adb57c4e60d6c5479dd8623128eb5b3f0f2c
  DoubleConversion: e22e0762848812a87afd67ffda3998d9ef29170c
  Folly: 211775e49d8da0ca658aebc8eab89d642935755c
  glog: 1de0bb937dccdc981596d3b5825ebfb765017ded

PODFILE CHECKSUM: 73b7cf119f02dce54412709494a3817153d1cfc9

COCOAPODS: 1.5.0
