PODS:
  - AwsomeReactNative (0.0.4):
    - AwsomeReactNative/Core (= 0.0.4)
    - AwsomeReactNative/CxxBridge (= 0.0.4)
    - AwsomeReactNative/DevSupport (= 0.0.4)
    - AwsomeReactNative/RCTAnimation (= 0.0.4)
    - AwsomeReactNative/RCTImage (= 0.0.4)
    - AwsomeReactNative/RCTText (= 0.0.4)
    - AwsomeReactNative/RCTWebSocket (= 0.0.4)
    - AwsomeReactNative/yoga (= 0.0.4)
  - AwsomeReactNative/Core (0.0.4):
    - AwsomeReactNative/yoga
  - AwsomeReactNative/CxxBridge (0.0.4):
    - AwsomeReactNative/Core
    - AwsomeReactNative/cxxreact
    - Folly (= 2016.09.26.00)
  - AwsomeReactNative/cxxreact (0.0.4):
    - AwsomeReactNative/jschelpers
    - boost-for-react-native (= 1.63.0)
    - Folly (= 2016.09.26.00)
  - AwsomeReactNative/DevSupport (0.0.4):
    - AwsomeReactNative/Core
    - AwsomeReactNative/RCTWebSocket
  - AwsomeReactNative/fishhook (0.0.4)
  - AwsomeReactNative/jschelpers (0.0.4):
    - AwsomeReactNative/PrivateDatabase
    - Folly (= 2016.09.26.00)
  - AwsomeReactNative/PrivateDatabase (0.0.4)
  - AwsomeReactNative/RCTAnimation (0.0.4):
    - AwsomeReactNative/Core
  - AwsomeReactNative/RCTBlob (0.0.4):
    - AwsomeReactNative/Core
  - AwsomeReactNative/RCTImage (0.0.4):
    - AwsomeReactNative/Core
    - AwsomeReactNative/RCTNetwork
  - AwsomeReactNative/RCTNetwork (0.0.4):
    - AwsomeReactNative/Core
  - AwsomeReactNative/RCTText (0.0.4):
    - AwsomeReactNative/Core
  - AwsomeReactNative/RCTWebSocket (0.0.4):
    - AwsomeReactNative/Core
    - AwsomeReactNative/fishhook
    - AwsomeReactNative/RCTBlob
  - AwsomeReactNative/yoga (0.0.4)
  - boost-for-react-native (1.63.0)
  - DoubleConversion (1.1.5)
  - Folly (2016.09.26.00):
    - boost-for-react-native
    - DoubleConversion
    - glog
  - glog (0.3.4)

DEPENDENCIES:
  - AwsomeReactNative (from `./`)

SPEC REPOS:
  https://github.com/CocoaPods/Specs.git:
    - boost-for-react-native
    - DoubleConversion
    - Folly
    - glog

EXTERNAL SOURCES:
  AwsomeReactNative:
    :path: "./"

SPEC CHECKSUMS:
  AwsomeReactNative: 6e57e17cc439f5e97c5b2bd1d33c4826c3f4e482
  boost-for-react-native: 39c7adb57c4e60d6c5479dd8623128eb5b3f0f2c
  DoubleConversion: e22e0762848812a87afd67ffda3998d9ef29170c
  Folly: 211775e49d8da0ca658aebc8eab89d642935755c
  glog: 1de0bb937dccdc981596d3b5825ebfb765017ded

PODFILE CHECKSUM: f30961da33a8528bbb53ce4fe994bd805d520ee5

COCOAPODS: 1.5.0
